PODS:
  - ObjectiveSpine (1.0.0)
  - SpineSpriteKit (1.0.0):
    - ObjectiveSpine (~> 1.0.0)

DEPENDENCIES:
  - SpineSpriteKit

SPEC CHECKSUMS:
  ObjectiveSpine: d78489071cc9fb51afd5e80b97cc826c9c065004
  SpineSpriteKit: 2d28c3456bbe28833f3297c2703718df774143a9

PODFILE CHECKSUM: e4e0e9819cd23a41d8844890f43fa23ab2fdd3e7

COCOAPODS: 1.4.0
