PODS:
  - ObjectiveSpine (1.0.0)
  - SpineSpriteKit (1.0.0):
    - ObjectiveSpine (~> 1.0.0)

DEPENDENCIES:
  - SpineSpriteKit (from `../`)

EXTERNAL SOURCES:
  SpineSpriteKit:
    :path: ../

SPEC CHECKSUMS:
  ObjectiveSpine: d78489071cc9fb51afd5e80b97cc826c9c065004
  SpineSpriteKit: 6a3f089fd72c7330ac942324cb295da7e7ad455b

COCOAPODS: 0.35.0
