// !$*UTF8*$!
{
	archiveVersion = 1;
	classes = {
	};
	objectVersion = 46;
	objects = {

/* Begin PBXBuildFile section */
		836CFDAA1AC50E80003AE535 /* goblins.atlas in Resources */ = {isa = PBXBuildFile; fileRef = 836CFDA41AC50E80003AE535 /* goblins.atlas */; };
		836CFDAB1AC50E80003AE535 /* goblins.json in Resources */ = {isa = PBXBuildFile; fileRef = 836CFDA51AC50E80003AE535 /* goblins.json */; };
		836CFDAC1AC50E80003AE535 /* goblins.png in Resources */ = {isa = PBXBuildFile; fileRef = 836CFDA61AC50E80003AE535 /* goblins.png */; };
		836CFDAD1AC50E80003AE535 /* spineboy.atlas in Resources */ = {isa = PBXBuildFile; fileRef = 836CFDA71AC50E80003AE535 /* spineboy.atlas */; };
		836CFDAE1AC50E80003AE535 /* spineboy.json in Resources */ = {isa = PBXBuildFile; fileRef = 836CFDA81AC50E80003AE535 /* spineboy.json */; };
		836CFDAF1AC50E80003AE535 /* spineboy.png in Resources */ = {isa = PBXBuildFile; fileRef = 836CFDA91AC50E80003AE535 /* spineboy.png */; };
		A0A8D78C63A40C1F80FBB7C8 /* libPods-Spine-Spritekit-Demo.a in Frameworks */ = {isa = PBXBuildFile; fileRef = 499BF22217C7667AB67D92CC /* libPods-Spine-Spritekit-Demo.a */; };
		F45213F8180A41D100D8BD26 /* goblinhead4spineboy.png in Resources */ = {isa = PBXBuildFile; fileRef = F45213F7180A41D100D8BD26 /* goblinhead4spineboy.png */; };
		F4F8DA6E18080E1100F2C744 /* Foundation.framework in Frameworks */ = {isa = PBXBuildFile; fileRef = F4F8DA6D18080E1100F2C744 /* Foundation.framework */; };
		F4F8DA7018080E1100F2C744 /* CoreGraphics.framework in Frameworks */ = {isa = PBXBuildFile; fileRef = F4F8DA6F18080E1100F2C744 /* CoreGraphics.framework */; };
		F4F8DA7218080E1100F2C744 /* UIKit.framework in Frameworks */ = {isa = PBXBuildFile; fileRef = F4F8DA7118080E1100F2C744 /* UIKit.framework */; };
		F4F8DA7418080E1100F2C744 /* SpriteKit.framework in Frameworks */ = {isa = PBXBuildFile; fileRef = F4F8DA7318080E1100F2C744 /* SpriteKit.framework */; };
		F4F8DA7A18080E1100F2C744 /* InfoPlist.strings in Resources */ = {isa = PBXBuildFile; fileRef = F4F8DA7818080E1100F2C744 /* InfoPlist.strings */; };
		F4F8DA7C18080E1200F2C744 /* main.m in Sources */ = {isa = PBXBuildFile; fileRef = F4F8DA7B18080E1200F2C744 /* main.m */; };
		F4F8DA8018080E1200F2C744 /* DZAppDelegate.m in Sources */ = {isa = PBXBuildFile; fileRef = F4F8DA7F18080E1200F2C744 /* DZAppDelegate.m */; };
		F4F8DA8318080E1200F2C744 /* Main_iPhone.storyboard in Resources */ = {isa = PBXBuildFile; fileRef = F4F8DA8118080E1200F2C744 /* Main_iPhone.storyboard */; };
		F4F8DA8618080E1200F2C744 /* Main_iPad.storyboard in Resources */ = {isa = PBXBuildFile; fileRef = F4F8DA8418080E1200F2C744 /* Main_iPad.storyboard */; };
		F4F8DA8918080E1200F2C744 /* DZViewController.m in Sources */ = {isa = PBXBuildFile; fileRef = F4F8DA8818080E1200F2C744 /* DZViewController.m */; };
		F4F8DA8E18080E1200F2C744 /* Spaceship.png in Resources */ = {isa = PBXBuildFile; fileRef = F4F8DA8D18080E1200F2C744 /* Spaceship.png */; };
		F4F8DA9018080E1200F2C744 /* Images.xcassets in Resources */ = {isa = PBXBuildFile; fileRef = F4F8DA8F18080E1200F2C744 /* Images.xcassets */; };
		F4F8DA9718080E1200F2C744 /* XCTest.framework in Frameworks */ = {isa = PBXBuildFile; fileRef = F4F8DA9618080E1200F2C744 /* XCTest.framework */; };
		F4F8DA9818080E1200F2C744 /* Foundation.framework in Frameworks */ = {isa = PBXBuildFile; fileRef = F4F8DA6D18080E1100F2C744 /* Foundation.framework */; };
		F4F8DA9918080E1200F2C744 /* UIKit.framework in Frameworks */ = {isa = PBXBuildFile; fileRef = F4F8DA7118080E1100F2C744 /* UIKit.framework */; };
		F4F8DAA118080E1200F2C744 /* InfoPlist.strings in Resources */ = {isa = PBXBuildFile; fileRef = F4F8DA9F18080E1200F2C744 /* InfoPlist.strings */; };
		F4F8DAA318080E1200F2C744 /* Spine_Spritekit_DemoTests.m in Sources */ = {isa = PBXBuildFile; fileRef = F4F8DAA218080E1200F2C744 /* Spine_Spritekit_DemoTests.m */; };
/* End PBXBuildFile section */

/* Begin PBXContainerItemProxy section */
		F4F8DA9A18080E1200F2C744 /* PBXContainerItemProxy */ = {
			isa = PBXContainerItemProxy;
			containerPortal = F4F8DA6218080E1100F2C744 /* Project object */;
			proxyType = 1;
			remoteGlobalIDString = F4F8DA6918080E1100F2C744;
			remoteInfo = "Spine-Spritekit-Demo";
		};
/* End PBXContainerItemProxy section */

/* Begin PBXFileReference section */
		217FC20ADAE3EDD33BAADAD3 /* Pods-Spine-Spritekit-Demo.release.xcconfig */ = {isa = PBXFileReference; includeInIndex = 1; lastKnownFileType = text.xcconfig; name = "Pods-Spine-Spritekit-Demo.release.xcconfig"; path = "Pods/Target Support Files/Pods-Spine-Spritekit-Demo/Pods-Spine-Spritekit-Demo.release.xcconfig"; sourceTree = "<group>"; };
		2F5CB1EC56A784EF067956B2 /* Pods-Spine-Spritekit-Demo.debug.xcconfig */ = {isa = PBXFileReference; includeInIndex = 1; lastKnownFileType = text.xcconfig; name = "Pods-Spine-Spritekit-Demo.debug.xcconfig"; path = "Pods/Target Support Files/Pods-Spine-Spritekit-Demo/Pods-Spine-Spritekit-Demo.debug.xcconfig"; sourceTree = "<group>"; };
		499BF22217C7667AB67D92CC /* libPods-Spine-Spritekit-Demo.a */ = {isa = PBXFileReference; explicitFileType = archive.ar; includeInIndex = 0; path = "libPods-Spine-Spritekit-Demo.a"; sourceTree = BUILT_PRODUCTS_DIR; };
		836CFDA41AC50E80003AE535 /* goblins.atlas */ = {isa = PBXFileReference; fileEncoding = 4; lastKnownFileType = text; name = goblins.atlas; path = "Spine-Spritekit-Demo/Resources/goblins.atlas"; sourceTree = SOURCE_ROOT; };
		836CFDA51AC50E80003AE535 /* goblins.json */ = {isa = PBXFileReference; fileEncoding = 4; lastKnownFileType = text.json; name = goblins.json; path = "Spine-Spritekit-Demo/Resources/goblins.json"; sourceTree = SOURCE_ROOT; };
		836CFDA61AC50E80003AE535 /* goblins.png */ = {isa = PBXFileReference; lastKnownFileType = image.png; name = goblins.png; path = "Spine-Spritekit-Demo/Resources/goblins.png"; sourceTree = SOURCE_ROOT; };
		836CFDA71AC50E80003AE535 /* spineboy.atlas */ = {isa = PBXFileReference; fileEncoding = 4; lastKnownFileType = text; name = spineboy.atlas; path = "Spine-Spritekit-Demo/Resources/spineboy.atlas"; sourceTree = SOURCE_ROOT; };
		836CFDA81AC50E80003AE535 /* spineboy.json */ = {isa = PBXFileReference; fileEncoding = 4; lastKnownFileType = text.json; name = spineboy.json; path = "Spine-Spritekit-Demo/Resources/spineboy.json"; sourceTree = SOURCE_ROOT; };
		836CFDA91AC50E80003AE535 /* spineboy.png */ = {isa = PBXFileReference; lastKnownFileType = image.png; name = spineboy.png; path = "Spine-Spritekit-Demo/Resources/spineboy.png"; sourceTree = SOURCE_ROOT; };
		F45213F7180A41D100D8BD26 /* goblinhead4spineboy.png */ = {isa = PBXFileReference; lastKnownFileType = image.png; path = goblinhead4spineboy.png; sourceTree = "<group>"; };
		F4F8DA6A18080E1100F2C744 /* Spine-Spritekit-Demo.app */ = {isa = PBXFileReference; explicitFileType = wrapper.application; includeInIndex = 0; path = "Spine-Spritekit-Demo.app"; sourceTree = BUILT_PRODUCTS_DIR; };
		F4F8DA6D18080E1100F2C744 /* Foundation.framework */ = {isa = PBXFileReference; lastKnownFileType = wrapper.framework; name = Foundation.framework; path = System/Library/Frameworks/Foundation.framework; sourceTree = SDKROOT; };
		F4F8DA6F18080E1100F2C744 /* CoreGraphics.framework */ = {isa = PBXFileReference; lastKnownFileType = wrapper.framework; name = CoreGraphics.framework; path = System/Library/Frameworks/CoreGraphics.framework; sourceTree = SDKROOT; };
		F4F8DA7118080E1100F2C744 /* UIKit.framework */ = {isa = PBXFileReference; lastKnownFileType = wrapper.framework; name = UIKit.framework; path = System/Library/Frameworks/UIKit.framework; sourceTree = SDKROOT; };
		F4F8DA7318080E1100F2C744 /* SpriteKit.framework */ = {isa = PBXFileReference; lastKnownFileType = wrapper.framework; name = SpriteKit.framework; path = System/Library/Frameworks/SpriteKit.framework; sourceTree = SDKROOT; };
		F4F8DA7718080E1100F2C744 /* Spine-Spritekit-Demo-Info.plist */ = {isa = PBXFileReference; lastKnownFileType = text.plist.xml; path = "Spine-Spritekit-Demo-Info.plist"; sourceTree = "<group>"; };
		F4F8DA7918080E1100F2C744 /* en */ = {isa = PBXFileReference; lastKnownFileType = text.plist.strings; name = en; path = en.lproj/InfoPlist.strings; sourceTree = "<group>"; };
		F4F8DA7B18080E1200F2C744 /* main.m */ = {isa = PBXFileReference; lastKnownFileType = sourcecode.c.objc; path = main.m; sourceTree = "<group>"; };
		F4F8DA7D18080E1200F2C744 /* Spine-Spritekit-Demo-Prefix.pch */ = {isa = PBXFileReference; lastKnownFileType = sourcecode.c.h; path = "Spine-Spritekit-Demo-Prefix.pch"; sourceTree = "<group>"; };
		F4F8DA7E18080E1200F2C744 /* DZAppDelegate.h */ = {isa = PBXFileReference; lastKnownFileType = sourcecode.c.h; path = DZAppDelegate.h; sourceTree = "<group>"; };
		F4F8DA7F18080E1200F2C744 /* DZAppDelegate.m */ = {isa = PBXFileReference; lastKnownFileType = sourcecode.c.objc; path = DZAppDelegate.m; sourceTree = "<group>"; };
		F4F8DA8218080E1200F2C744 /* Base */ = {isa = PBXFileReference; lastKnownFileType = file.storyboard; name = Base; path = Base.lproj/Main_iPhone.storyboard; sourceTree = "<group>"; };
		F4F8DA8518080E1200F2C744 /* Base */ = {isa = PBXFileReference; lastKnownFileType = file.storyboard; name = Base; path = Base.lproj/Main_iPad.storyboard; sourceTree = "<group>"; };
		F4F8DA8718080E1200F2C744 /* DZViewController.h */ = {isa = PBXFileReference; lastKnownFileType = sourcecode.c.h; path = DZViewController.h; sourceTree = "<group>"; };
		F4F8DA8818080E1200F2C744 /* DZViewController.m */ = {isa = PBXFileReference; lastKnownFileType = sourcecode.c.objc; path = DZViewController.m; sourceTree = "<group>"; };
		F4F8DA8D18080E1200F2C744 /* Spaceship.png */ = {isa = PBXFileReference; lastKnownFileType = image.png; path = Spaceship.png; sourceTree = "<group>"; };
		F4F8DA8F18080E1200F2C744 /* Images.xcassets */ = {isa = PBXFileReference; lastKnownFileType = folder.assetcatalog; path = Images.xcassets; sourceTree = "<group>"; };
		F4F8DA9518080E1200F2C744 /* Spine-Spritekit-DemoTests.xctest */ = {isa = PBXFileReference; explicitFileType = wrapper.cfbundle; includeInIndex = 0; path = "Spine-Spritekit-DemoTests.xctest"; sourceTree = BUILT_PRODUCTS_DIR; };
		F4F8DA9618080E1200F2C744 /* XCTest.framework */ = {isa = PBXFileReference; lastKnownFileType = wrapper.framework; name = XCTest.framework; path = Library/Frameworks/XCTest.framework; sourceTree = DEVELOPER_DIR; };
		F4F8DA9E18080E1200F2C744 /* Spine-Spritekit-DemoTests-Info.plist */ = {isa = PBXFileReference; lastKnownFileType = text.plist.xml; path = "Spine-Spritekit-DemoTests-Info.plist"; sourceTree = "<group>"; };
		F4F8DAA018080E1200F2C744 /* en */ = {isa = PBXFileReference; lastKnownFileType = text.plist.strings; name = en; path = en.lproj/InfoPlist.strings; sourceTree = "<group>"; };
		F4F8DAA218080E1200F2C744 /* Spine_Spritekit_DemoTests.m */ = {isa = PBXFileReference; lastKnownFileType = sourcecode.c.objc; path = Spine_Spritekit_DemoTests.m; sourceTree = "<group>"; };
/* End PBXFileReference section */

/* Begin PBXFrameworksBuildPhase section */
		F4F8DA6718080E1100F2C744 /* Frameworks */ = {
			isa = PBXFrameworksBuildPhase;
			buildActionMask = 2147483647;
			files = (
				F4F8DA7018080E1100F2C744 /* CoreGraphics.framework in Frameworks */,
				F4F8DA7218080E1100F2C744 /* UIKit.framework in Frameworks */,
				F4F8DA7418080E1100F2C744 /* SpriteKit.framework in Frameworks */,
				F4F8DA6E18080E1100F2C744 /* Foundation.framework in Frameworks */,
				A0A8D78C63A40C1F80FBB7C8 /* libPods-Spine-Spritekit-Demo.a in Frameworks */,
			);
			runOnlyForDeploymentPostprocessing = 0;
		};
		F4F8DA9218080E1200F2C744 /* Frameworks */ = {
			isa = PBXFrameworksBuildPhase;
			buildActionMask = 2147483647;
			files = (
				F4F8DA9718080E1200F2C744 /* XCTest.framework in Frameworks */,
				F4F8DA9918080E1200F2C744 /* UIKit.framework in Frameworks */,
				F4F8DA9818080E1200F2C744 /* Foundation.framework in Frameworks */,
			);
			runOnlyForDeploymentPostprocessing = 0;
		};
/* End PBXFrameworksBuildPhase section */

/* Begin PBXGroup section */
		3B56F53E4FF77C100CD10279 /* Pods */ = {
			isa = PBXGroup;
			children = (
				2F5CB1EC56A784EF067956B2 /* Pods-Spine-Spritekit-Demo.debug.xcconfig */,
				217FC20ADAE3EDD33BAADAD3 /* Pods-Spine-Spritekit-Demo.release.xcconfig */,
			);
			name = Pods;
			sourceTree = "<group>";
		};
		F45213F6180A41D100D8BD26 /* Images */ = {
			isa = PBXGroup;
			children = (
				F45213F7180A41D100D8BD26 /* goblinhead4spineboy.png */,
			);
			path = Images;
			sourceTree = "<group>";
		};
		F4F8DA6118080E1100F2C744 = {
			isa = PBXGroup;
			children = (
				F45213F6180A41D100D8BD26 /* Images */,
				F4F8DCE318081A1E00F2C744 /* Resources */,
				F4F8DA7518080E1100F2C744 /* Spine-Spritekit-Demo */,
				F4F8DA9C18080E1200F2C744 /* Spine-Spritekit-DemoTests */,
				F4F8DA6C18080E1100F2C744 /* Frameworks */,
				F4F8DA6B18080E1100F2C744 /* Products */,
				3B56F53E4FF77C100CD10279 /* Pods */,
			);
			sourceTree = "<group>";
		};
		F4F8DA6B18080E1100F2C744 /* Products */ = {
			isa = PBXGroup;
			children = (
				F4F8DA6A18080E1100F2C744 /* Spine-Spritekit-Demo.app */,
				F4F8DA9518080E1200F2C744 /* Spine-Spritekit-DemoTests.xctest */,
			);
			name = Products;
			sourceTree = "<group>";
		};
		F4F8DA6C18080E1100F2C744 /* Frameworks */ = {
			isa = PBXGroup;
			children = (
				F4F8DA6D18080E1100F2C744 /* Foundation.framework */,
				F4F8DA6F18080E1100F2C744 /* CoreGraphics.framework */,
				F4F8DA7118080E1100F2C744 /* UIKit.framework */,
				F4F8DA7318080E1100F2C744 /* SpriteKit.framework */,
				F4F8DA9618080E1200F2C744 /* XCTest.framework */,
				499BF22217C7667AB67D92CC /* libPods-Spine-Spritekit-Demo.a */,
			);
			name = Frameworks;
			sourceTree = "<group>";
		};
		F4F8DA7518080E1100F2C744 /* Spine-Spritekit-Demo */ = {
			isa = PBXGroup;
			children = (
				F4F8DA7E18080E1200F2C744 /* DZAppDelegate.h */,
				F4F8DA7F18080E1200F2C744 /* DZAppDelegate.m */,
				F4F8DA8118080E1200F2C744 /* Main_iPhone.storyboard */,
				F4F8DA8418080E1200F2C744 /* Main_iPad.storyboard */,
				F4F8DA8718080E1200F2C744 /* DZViewController.h */,
				F4F8DA8818080E1200F2C744 /* DZViewController.m */,
				F4F8DA8D18080E1200F2C744 /* Spaceship.png */,
				F4F8DA8F18080E1200F2C744 /* Images.xcassets */,
				F4F8DA7618080E1100F2C744 /* Supporting Files */,
			);
			path = "Spine-Spritekit-Demo";
			sourceTree = "<group>";
		};
		F4F8DA7618080E1100F2C744 /* Supporting Files */ = {
			isa = PBXGroup;
			children = (
				F4F8DA7718080E1100F2C744 /* Spine-Spritekit-Demo-Info.plist */,
				F4F8DA7818080E1100F2C744 /* InfoPlist.strings */,
				F4F8DA7B18080E1200F2C744 /* main.m */,
				F4F8DA7D18080E1200F2C744 /* Spine-Spritekit-Demo-Prefix.pch */,
			);
			name = "Supporting Files";
			sourceTree = "<group>";
		};
		F4F8DA9C18080E1200F2C744 /* Spine-Spritekit-DemoTests */ = {
			isa = PBXGroup;
			children = (
				F4F8DAA218080E1200F2C744 /* Spine_Spritekit_DemoTests.m */,
				F4F8DA9D18080E1200F2C744 /* Supporting Files */,
			);
			path = "Spine-Spritekit-DemoTests";
			sourceTree = "<group>";
		};
		F4F8DA9D18080E1200F2C744 /* Supporting Files */ = {
			isa = PBXGroup;
			children = (
				F4F8DA9E18080E1200F2C744 /* Spine-Spritekit-DemoTests-Info.plist */,
				F4F8DA9F18080E1200F2C744 /* InfoPlist.strings */,
			);
			name = "Supporting Files";
			sourceTree = "<group>";
		};
		F4F8DCE318081A1E00F2C744 /* Resources */ = {
			isa = PBXGroup;
			children = (
				836CFDA41AC50E80003AE535 /* goblins.atlas */,
				836CFDA51AC50E80003AE535 /* goblins.json */,
				836CFDA61AC50E80003AE535 /* goblins.png */,
				836CFDA71AC50E80003AE535 /* spineboy.atlas */,
				836CFDA81AC50E80003AE535 /* spineboy.json */,
				836CFDA91AC50E80003AE535 /* spineboy.png */,
			);
			name = Resources;
			path = "../spine-runtimes/spine-cocos2d-iphone/Resources";
			sourceTree = "<group>";
		};
/* End PBXGroup section */

/* Begin PBXNativeTarget section */
		F4F8DA6918080E1100F2C744 /* Spine-Spritekit-Demo */ = {
			isa = PBXNativeTarget;
			buildConfigurationList = F4F8DAA618080E1200F2C744 /* Build configuration list for PBXNativeTarget "Spine-Spritekit-Demo" */;
			buildPhases = (
				DF183D462623A1A20729D327 /* [CP] Check Pods Manifest.lock */,
				F4F8DA6618080E1100F2C744 /* Sources */,
				F4F8DA6718080E1100F2C744 /* Frameworks */,
				F4F8DA6818080E1100F2C744 /* Resources */,
				80842ACEAFEBF478BEBE9CA2 /* [CP] Embed Pods Frameworks */,
				DAEA935519F8892165AA7A68 /* [CP] Copy Pods Resources */,
			);
			buildRules = (
			);
			dependencies = (
			);
			name = "Spine-Spritekit-Demo";
			productName = "Spine-Spritekit-Demo";
			productReference = F4F8DA6A18080E1100F2C744 /* Spine-Spritekit-Demo.app */;
			productType = "com.apple.product-type.application";
		};
		F4F8DA9418080E1200F2C744 /* Spine-Spritekit-DemoTests */ = {
			isa = PBXNativeTarget;
			buildConfigurationList = F4F8DAA918080E1200F2C744 /* Build configuration list for PBXNativeTarget "Spine-Spritekit-DemoTests" */;
			buildPhases = (
				F4F8DA9118080E1200F2C744 /* Sources */,
				F4F8DA9218080E1200F2C744 /* Frameworks */,
				F4F8DA9318080E1200F2C744 /* Resources */,
			);
			buildRules = (
			);
			dependencies = (
				F4F8DA9B18080E1200F2C744 /* PBXTargetDependency */,
			);
			name = "Spine-Spritekit-DemoTests";
			productName = "Spine-Spritekit-DemoTests";
			productReference = F4F8DA9518080E1200F2C744 /* Spine-Spritekit-DemoTests.xctest */;
			productType = "com.apple.product-type.bundle.unit-test";
		};
/* End PBXNativeTarget section */

/* Begin PBXProject section */
		F4F8DA6218080E1100F2C744 /* Project object */ = {
			isa = PBXProject;
			attributes = {
				CLASSPREFIX = DZ;
				LastUpgradeCheck = 0500;
				ORGANIZATIONNAME = DZPub.com;
				TargetAttributes = {
					F4F8DA6918080E1100F2C744 = {
						DevelopmentTeam = TE2958KSXV;
					};
					F4F8DA9418080E1200F2C744 = {
						TestTargetID = F4F8DA6918080E1100F2C744;
					};
				};
			};
			buildConfigurationList = F4F8DA6518080E1100F2C744 /* Build configuration list for PBXProject "Spine-Spritekit-Demo" */;
			compatibilityVersion = "Xcode 3.2";
			developmentRegion = English;
			hasScannedForEncodings = 0;
			knownRegions = (
				en,
				Base,
			);
			mainGroup = F4F8DA6118080E1100F2C744;
			productRefGroup = F4F8DA6B18080E1100F2C744 /* Products */;
			projectDirPath = "";
			projectRoot = "";
			targets = (
				F4F8DA6918080E1100F2C744 /* Spine-Spritekit-Demo */,
				F4F8DA9418080E1200F2C744 /* Spine-Spritekit-DemoTests */,
			);
		};
/* End PBXProject section */

/* Begin PBXResourcesBuildPhase section */
		F4F8DA6818080E1100F2C744 /* Resources */ = {
			isa = PBXResourcesBuildPhase;
			buildActionMask = 2147483647;
			files = (
				836CFDAE1AC50E80003AE535 /* spineboy.json in Resources */,
				836CFDAD1AC50E80003AE535 /* spineboy.atlas in Resources */,
				F45213F8180A41D100D8BD26 /* goblinhead4spineboy.png in Resources */,
				F4F8DA8E18080E1200F2C744 /* Spaceship.png in Resources */,
				836CFDAB1AC50E80003AE535 /* goblins.json in Resources */,
				F4F8DA9018080E1200F2C744 /* Images.xcassets in Resources */,
				F4F8DA8618080E1200F2C744 /* Main_iPad.storyboard in Resources */,
				F4F8DA8318080E1200F2C744 /* Main_iPhone.storyboard in Resources */,
				836CFDAF1AC50E80003AE535 /* spineboy.png in Resources */,
				836CFDAC1AC50E80003AE535 /* goblins.png in Resources */,
				F4F8DA7A18080E1100F2C744 /* InfoPlist.strings in Resources */,
				836CFDAA1AC50E80003AE535 /* goblins.atlas in Resources */,
			);
			runOnlyForDeploymentPostprocessing = 0;
		};
		F4F8DA9318080E1200F2C744 /* Resources */ = {
			isa = PBXResourcesBuildPhase;
			buildActionMask = 2147483647;
			files = (
				F4F8DAA118080E1200F2C744 /* InfoPlist.strings in Resources */,
			);
			runOnlyForDeploymentPostprocessing = 0;
		};
/* End PBXResourcesBuildPhase section */

/* Begin PBXShellScriptBuildPhase section */
		80842ACEAFEBF478BEBE9CA2 /* [CP] Embed Pods Frameworks */ = {
			isa = PBXShellScriptBuildPhase;
			buildActionMask = 2147483647;
			files = (
			);
			inputPaths = (
			);
			name = "[CP] Embed Pods Frameworks";
			outputPaths = (
			);
			runOnlyForDeploymentPostprocessing = 0;
			shellPath = /bin/sh;
			shellScript = "\"${SRCROOT}/Pods/Target Support Files/Pods-Spine-Spritekit-Demo/Pods-Spine-Spritekit-Demo-frameworks.sh\"\n";
			showEnvVarsInLog = 0;
		};
		DAEA935519F8892165AA7A68 /* [CP] Copy Pods Resources */ = {
			isa = PBXShellScriptBuildPhase;
			buildActionMask = 2147483647;
			files = (
			);
			inputPaths = (
			);
			name = "[CP] Copy Pods Resources";
			outputPaths = (
			);
			runOnlyForDeploymentPostprocessing = 0;
			shellPath = /bin/sh;
			shellScript = "\"${SRCROOT}/Pods/Target Support Files/Pods-Spine-Spritekit-Demo/Pods-Spine-Spritekit-Demo-resources.sh\"\n";
			showEnvVarsInLog = 0;
		};
		DF183D462623A1A20729D327 /* [CP] Check Pods Manifest.lock */ = {
			isa = PBXShellScriptBuildPhase;
			buildActionMask = 2147483647;
			files = (
			);
			inputPaths = (
				"${PODS_PODFILE_DIR_PATH}/Podfile.lock",
				"${PODS_ROOT}/Manifest.lock",
			);
			name = "[CP] Check Pods Manifest.lock";
			outputPaths = (
				"$(DERIVED_FILE_DIR)/Pods-Spine-Spritekit-Demo-checkManifestLockResult.txt",
			);
			runOnlyForDeploymentPostprocessing = 0;
			shellPath = /bin/sh;
			shellScript = "diff \"${PODS_PODFILE_DIR_PATH}/Podfile.lock\" \"${PODS_ROOT}/Manifest.lock\" > /dev/null\nif [ $? != 0 ] ; then\n    # print error to STDERR\n    echo \"error: The sandbox is not in sync with the Podfile.lock. Run 'pod install' or update your CocoaPods installation.\" >&2\n    exit 1\nfi\n# This output is used by Xcode 'outputs' to avoid re-running this script phase.\necho \"SUCCESS\" > \"${SCRIPT_OUTPUT_FILE_0}\"\n";
			showEnvVarsInLog = 0;
		};
/* End PBXShellScriptBuildPhase section */

/* Begin PBXSourcesBuildPhase section */
		F4F8DA6618080E1100F2C744 /* Sources */ = {
			isa = PBXSourcesBuildPhase;
			buildActionMask = 2147483647;
			files = (
				F4F8DA8018080E1200F2C744 /* DZAppDelegate.m in Sources */,
				F4F8DA8918080E1200F2C744 /* DZViewController.m in Sources */,
				F4F8DA7C18080E1200F2C744 /* main.m in Sources */,
			);
			runOnlyForDeploymentPostprocessing = 0;
		};
		F4F8DA9118080E1200F2C744 /* Sources */ = {
			isa = PBXSourcesBuildPhase;
			buildActionMask = 2147483647;
			files = (
				F4F8DAA318080E1200F2C744 /* Spine_Spritekit_DemoTests.m in Sources */,
			);
			runOnlyForDeploymentPostprocessing = 0;
		};
/* End PBXSourcesBuildPhase section */

/* Begin PBXTargetDependency section */
		F4F8DA9B18080E1200F2C744 /* PBXTargetDependency */ = {
			isa = PBXTargetDependency;
			target = F4F8DA6918080E1100F2C744 /* Spine-Spritekit-Demo */;
			targetProxy = F4F8DA9A18080E1200F2C744 /* PBXContainerItemProxy */;
		};
/* End PBXTargetDependency section */

/* Begin PBXVariantGroup section */
		F4F8DA7818080E1100F2C744 /* InfoPlist.strings */ = {
			isa = PBXVariantGroup;
			children = (
				F4F8DA7918080E1100F2C744 /* en */,
			);
			name = InfoPlist.strings;
			sourceTree = "<group>";
		};
		F4F8DA8118080E1200F2C744 /* Main_iPhone.storyboard */ = {
			isa = PBXVariantGroup;
			children = (
				F4F8DA8218080E1200F2C744 /* Base */,
			);
			name = Main_iPhone.storyboard;
			sourceTree = "<group>";
		};
		F4F8DA8418080E1200F2C744 /* Main_iPad.storyboard */ = {
			isa = PBXVariantGroup;
			children = (
				F4F8DA8518080E1200F2C744 /* Base */,
			);
			name = Main_iPad.storyboard;
			sourceTree = "<group>";
		};
		F4F8DA9F18080E1200F2C744 /* InfoPlist.strings */ = {
			isa = PBXVariantGroup;
			children = (
				F4F8DAA018080E1200F2C744 /* en */,
			);
			name = InfoPlist.strings;
			sourceTree = "<group>";
		};
/* End PBXVariantGroup section */

/* Begin XCBuildConfiguration section */
		F4F8DAA418080E1200F2C744 /* Debug */ = {
			isa = XCBuildConfiguration;
			buildSettings = {
				ALWAYS_SEARCH_USER_PATHS = NO;
				ARCHS = "$(ARCHS_STANDARD_INCLUDING_64_BIT)";
				CLANG_CXX_LANGUAGE_STANDARD = "gnu++0x";
				CLANG_CXX_LIBRARY = "libc++";
				CLANG_ENABLE_MODULES = YES;
				CLANG_ENABLE_OBJC_ARC = YES;
				CLANG_WARN_BOOL_CONVERSION = YES;
				CLANG_WARN_CONSTANT_CONVERSION = YES;
				CLANG_WARN_DIRECT_OBJC_ISA_USAGE = YES_ERROR;
				CLANG_WARN_EMPTY_BODY = YES;
				CLANG_WARN_ENUM_CONVERSION = YES;
				CLANG_WARN_INT_CONVERSION = YES;
				CLANG_WARN_OBJC_ROOT_CLASS = YES_ERROR;
				CLANG_WARN__DUPLICATE_METHOD_MATCH = YES;
				"CODE_SIGN_IDENTITY[sdk=iphoneos*]" = "iPhone Developer";
				COPY_PHASE_STRIP = NO;
				GCC_C_LANGUAGE_STANDARD = gnu99;
				GCC_DYNAMIC_NO_PIC = NO;
				GCC_OPTIMIZATION_LEVEL = 0;
				GCC_PREPROCESSOR_DEFINITIONS = (
					"DEBUG=1",
					"$(inherited)",
				);
				GCC_SYMBOLS_PRIVATE_EXTERN = NO;
				GCC_WARN_64_TO_32_BIT_CONVERSION = YES;
				GCC_WARN_ABOUT_RETURN_TYPE = YES_ERROR;
				GCC_WARN_UNDECLARED_SELECTOR = YES;
				GCC_WARN_UNINITIALIZED_AUTOS = YES;
				GCC_WARN_UNUSED_FUNCTION = YES;
				GCC_WARN_UNUSED_VARIABLE = YES;
				IPHONEOS_DEPLOYMENT_TARGET = 7.0;
				ONLY_ACTIVE_ARCH = YES;
				SDKROOT = iphoneos;
				TARGETED_DEVICE_FAMILY = "1,2";
			};
			name = Debug;
		};
		F4F8DAA518080E1200F2C744 /* Release */ = {
			isa = XCBuildConfiguration;
			buildSettings = {
				ALWAYS_SEARCH_USER_PATHS = NO;
				ARCHS = "$(ARCHS_STANDARD_INCLUDING_64_BIT)";
				CLANG_CXX_LANGUAGE_STANDARD = "gnu++0x";
				CLANG_CXX_LIBRARY = "libc++";
				CLANG_ENABLE_MODULES = YES;
				CLANG_ENABLE_OBJC_ARC = YES;
				CLANG_WARN_BOOL_CONVERSION = YES;
				CLANG_WARN_CONSTANT_CONVERSION = YES;
				CLANG_WARN_DIRECT_OBJC_ISA_USAGE = YES_ERROR;
				CLANG_WARN_EMPTY_BODY = YES;
				CLANG_WARN_ENUM_CONVERSION = YES;
				CLANG_WARN_INT_CONVERSION = YES;
				CLANG_WARN_OBJC_ROOT_CLASS = YES_ERROR;
				CLANG_WARN__DUPLICATE_METHOD_MATCH = YES;
				"CODE_SIGN_IDENTITY[sdk=iphoneos*]" = "iPhone Developer";
				COPY_PHASE_STRIP = YES;
				ENABLE_NS_ASSERTIONS = NO;
				GCC_C_LANGUAGE_STANDARD = gnu99;
				GCC_WARN_64_TO_32_BIT_CONVERSION = YES;
				GCC_WARN_ABOUT_RETURN_TYPE = YES_ERROR;
				GCC_WARN_UNDECLARED_SELECTOR = YES;
				GCC_WARN_UNINITIALIZED_AUTOS = YES;
				GCC_WARN_UNUSED_FUNCTION = YES;
				GCC_WARN_UNUSED_VARIABLE = YES;
				IPHONEOS_DEPLOYMENT_TARGET = 7.0;
				SDKROOT = iphoneos;
				TARGETED_DEVICE_FAMILY = "1,2";
				VALIDATE_PRODUCT = YES;
			};
			name = Release;
		};
		F4F8DAA718080E1200F2C744 /* Debug */ = {
			isa = XCBuildConfiguration;
			baseConfigurationReference = 2F5CB1EC56A784EF067956B2 /* Pods-Spine-Spritekit-Demo.debug.xcconfig */;
			buildSettings = {
				ALWAYS_SEARCH_USER_PATHS = NO;
				ASSETCATALOG_COMPILER_APPICON_NAME = AppIcon;
				ASSETCATALOG_COMPILER_LAUNCHIMAGE_NAME = LaunchImage;
				DEVELOPMENT_TEAM = TE2958KSXV;
				GCC_PRECOMPILE_PREFIX_HEADER = YES;
				GCC_PREFIX_HEADER = "Spine-Spritekit-Demo/Spine-Spritekit-Demo-Prefix.pch";
				HEADER_SEARCH_PATHS = (
					"$(inherited)",
					/Applications/Xcode.app/Contents/Developer/Toolchains/XcodeDefault.xctoolchain/usr/include,
					"../spine-runtimes/spine-c/include",
				);
				INFOPLIST_FILE = "Spine-Spritekit-Demo/Spine-Spritekit-Demo-Info.plist";
				PRODUCT_NAME = "$(TARGET_NAME)";
				SPRITEKIT_TEXTURE_ATLAS_OUTPUT = YES;
				USER_HEADER_SEARCH_PATHS = "";
				WRAPPER_EXTENSION = app;
			};
			name = Debug;
		};
		F4F8DAA818080E1200F2C744 /* Release */ = {
			isa = XCBuildConfiguration;
			baseConfigurationReference = 217FC20ADAE3EDD33BAADAD3 /* Pods-Spine-Spritekit-Demo.release.xcconfig */;
			buildSettings = {
				ALWAYS_SEARCH_USER_PATHS = NO;
				ASSETCATALOG_COMPILER_APPICON_NAME = AppIcon;
				ASSETCATALOG_COMPILER_LAUNCHIMAGE_NAME = LaunchImage;
				DEVELOPMENT_TEAM = TE2958KSXV;
				GCC_PRECOMPILE_PREFIX_HEADER = YES;
				GCC_PREFIX_HEADER = "Spine-Spritekit-Demo/Spine-Spritekit-Demo-Prefix.pch";
				HEADER_SEARCH_PATHS = (
					"$(inherited)",
					/Applications/Xcode.app/Contents/Developer/Toolchains/XcodeDefault.xctoolchain/usr/include,
					"../spine-runtimes/spine-c/include",
				);
				INFOPLIST_FILE = "Spine-Spritekit-Demo/Spine-Spritekit-Demo-Info.plist";
				PRODUCT_NAME = "$(TARGET_NAME)";
				SPRITEKIT_TEXTURE_ATLAS_OUTPUT = YES;
				USER_HEADER_SEARCH_PATHS = "";
				WRAPPER_EXTENSION = app;
			};
			name = Release;
		};
		F4F8DAAA18080E1200F2C744 /* Debug */ = {
			isa = XCBuildConfiguration;
			buildSettings = {
				ARCHS = "$(ARCHS_STANDARD_INCLUDING_64_BIT)";
				BUNDLE_LOADER = "$(BUILT_PRODUCTS_DIR)/Spine-Spritekit-Demo.app/Spine-Spritekit-Demo";
				FRAMEWORK_SEARCH_PATHS = (
					"$(SDKROOT)/Developer/Library/Frameworks",
					"$(inherited)",
					"$(DEVELOPER_FRAMEWORKS_DIR)",
				);
				GCC_PRECOMPILE_PREFIX_HEADER = YES;
				GCC_PREFIX_HEADER = "Spine-Spritekit-Demo/Spine-Spritekit-Demo-Prefix.pch";
				GCC_PREPROCESSOR_DEFINITIONS = (
					"DEBUG=1",
					"$(inherited)",
				);
				INFOPLIST_FILE = "Spine-Spritekit-DemoTests/Spine-Spritekit-DemoTests-Info.plist";
				PRODUCT_NAME = "$(TARGET_NAME)";
				TEST_HOST = "$(BUNDLE_LOADER)";
				WRAPPER_EXTENSION = xctest;
			};
			name = Debug;
		};
		F4F8DAAB18080E1200F2C744 /* Release */ = {
			isa = XCBuildConfiguration;
			buildSettings = {
				ARCHS = "$(ARCHS_STANDARD_INCLUDING_64_BIT)";
				BUNDLE_LOADER = "$(BUILT_PRODUCTS_DIR)/Spine-Spritekit-Demo.app/Spine-Spritekit-Demo";
				FRAMEWORK_SEARCH_PATHS = (
					"$(SDKROOT)/Developer/Library/Frameworks",
					"$(inherited)",
					"$(DEVELOPER_FRAMEWORKS_DIR)",
				);
				GCC_PRECOMPILE_PREFIX_HEADER = YES;
				GCC_PREFIX_HEADER = "Spine-Spritekit-Demo/Spine-Spritekit-Demo-Prefix.pch";
				INFOPLIST_FILE = "Spine-Spritekit-DemoTests/Spine-Spritekit-DemoTests-Info.plist";
				PRODUCT_NAME = "$(TARGET_NAME)";
				TEST_HOST = "$(BUNDLE_LOADER)";
				WRAPPER_EXTENSION = xctest;
			};
			name = Release;
		};
/* End XCBuildConfiguration section */

/* Begin XCConfigurationList section */
		F4F8DA6518080E1100F2C744 /* Build configuration list for PBXProject "Spine-Spritekit-Demo" */ = {
			isa = XCConfigurationList;
			buildConfigurations = (
				F4F8DAA418080E1200F2C744 /* Debug */,
				F4F8DAA518080E1200F2C744 /* Release */,
			);
			defaultConfigurationIsVisible = 0;
			defaultConfigurationName = Release;
		};
		F4F8DAA618080E1200F2C744 /* Build configuration list for PBXNativeTarget "Spine-Spritekit-Demo" */ = {
			isa = XCConfigurationList;
			buildConfigurations = (
				F4F8DAA718080E1200F2C744 /* Debug */,
				F4F8DAA818080E1200F2C744 /* Release */,
			);
			defaultConfigurationIsVisible = 0;
			defaultConfigurationName = Release;
		};
		F4F8DAA918080E1200F2C744 /* Build configuration list for PBXNativeTarget "Spine-Spritekit-DemoTests" */ = {
			isa = XCConfigurationList;
			buildConfigurations = (
				F4F8DAAA18080E1200F2C744 /* Debug */,
				F4F8DAAB18080E1200F2C744 /* Release */,
			);
			defaultConfigurationIsVisible = 0;
			defaultConfigurationName = Release;
		};
/* End XCConfigurationList section */
	};
	rootObject = F4F8DA6218080E1100F2C744 /* Project object */;
}
